
Microsoft Visual Studio Solution File, Format Version 12.00
# Visual Studio Version 17
VisualStudioVersion = 17.0.31919.166
MinimumVisualStudioVersion = 10.0.40219.1
Project("{9A19103F-16F7-4668-BE54-9A1E7A4F7556}") = "AnimePlayerToolsKit", "AnimePlayerToolsKit\AnimePlayerToolsKit.csproj", "{AB31D20E-EB02-4678-9225-DB9B05FA2C5A}"
EndProject
Global
	GlobalSection(SolutionConfigurationPlatforms) = preSolution
		Debug|Any CPU = Debug|Any CPU
		Release|Any CPU = Release|Any CPU
	EndGlobalSection
	GlobalSection(ProjectConfigurationPlatforms) = postSolution
		{AB31D20E-EB02-4678-9225-DB9B05FA2C5A}.Debug|Any CPU.ActiveCfg = Debug|Any CPU
		{AB31D20E-EB02-4678-9225-DB9B05FA2C5A}.Debug|Any CPU.Build.0 = Debug|Any CPU
		{AB31D20E-EB02-4678-9225-DB9B05FA2C5A}.Release|Any CPU.ActiveCfg = Release|Any CPU
		{AB31D20E-EB02-4678-9225-DB9B05FA2C5A}.Release|Any CPU.Build.0 = Release|Any CPU
	EndGlobalSection
	GlobalSection(SolutionProperties) = preSolution
		HideSolutionNode = FALSE
	EndGlobalSection
	GlobalSection(ExtensibilityGlobals) = postSolution
		SolutionGuid = {74C390B1-DC62-47FB-9B6D-007F231BAA52}
	EndGlobalSection
EndGlobal
